
Microsoft Visual Studio Solution File, Format Version 12.00
# Visual Studio Version 16
VisualStudioVersion = 16.0.30804.86
MinimumVisualStudioVersion = 10.0.40219.1
Project("{FAE04EC0-301F-11D3-BF4B-00C04F79EFBC}") = "WebCamWebSite", "WebCamWebSite\WebCamWebSite.csproj", "{A2B03FD0-DEFB-482A-A4E6-9B729FE7EE54}"
EndProject
Global
	GlobalSection(SolutionConfigurationPlatforms) = preSolution
		Debug|Any CPU = Debug|Any CPU
		Release|Any CPU = Release|Any CPU
	EndGlobalSection
	GlobalSection(ProjectConfigurationPlatforms) = postSolution
		{A2B03FD0-DEFB-482A-A4E6-9B729FE7EE54}.Debug|Any CPU.ActiveCfg = Debug|Any CPU
		{A2B03FD0-DEFB-482A-A4E6-9B729FE7EE54}.Debug|Any CPU.Build.0 = Debug|Any CPU
		{A2B03FD0-DEFB-482A-A4E6-9B729FE7EE54}.Release|Any CPU.ActiveCfg = Release|Any CPU
		{A2B03FD0-DEFB-482A-A4E6-9B729FE7EE54}.Release|Any CPU.Build.0 = Release|Any CPU
	EndGlobalSection
	GlobalSection(SolutionProperties) = preSolution
		HideSolutionNode = FALSE
	EndGlobalSection
	GlobalSection(ExtensibilityGlobals) = postSolution
		SolutionGuid = {8E73830C-0890-458E-BCCB-C15785BD4B5D}
	EndGlobalSection
EndGlobal
